
Microsoft Visual Studio Solution File, Format Version 12.00
# Visual Studio 15
VisualStudioVersion = 15.0.28307.329
MinimumVisualStudioVersion = 10.0.40219.1
Project("{FAE04EC0-301F-11D3-BF4B-00C04F79EFBC}") = "Hola_Mundo", "Hola_Mundo\Hola_Mundo.csproj", "{593CA2E5-99DB-478D-92EC-A9600F328EAF}"
EndProject
Global
	GlobalSection(SolutionConfigurationPlatforms) = preSolution
		Debug|Any CPU = Debug|Any CPU
		Release|Any CPU = Release|Any CPU
	EndGlobalSection
	GlobalSection(ProjectConfigurationPlatforms) = postSolution
		{593CA2E5-99DB-478D-92EC-A9600F328EAF}.Debug|Any CPU.ActiveCfg = Debug|Any CPU
		{593CA2E5-99DB-478D-92EC-A9600F328EAF}.Debug|Any CPU.Build.0 = Debug|Any CPU
		{593CA2E5-99DB-478D-92EC-A9600F328EAF}.Debug|Any CPU.Deploy.0 = Debug|Any CPU
		{593CA2E5-99DB-478D-92EC-A9600F328EAF}.Release|Any CPU.ActiveCfg = Release|Any CPU
		{593CA2E5-99DB-478D-92EC-A9600F328EAF}.Release|Any CPU.Build.0 = Release|Any CPU
		{593CA2E5-99DB-478D-92EC-A9600F328EAF}.Release|Any CPU.Deploy.0 = Release|Any CPU
	EndGlobalSection
	GlobalSection(SolutionProperties) = preSolution
		HideSolutionNode = FALSE
	EndGlobalSection
	GlobalSection(ExtensibilityGlobals) = postSolution
		SolutionGuid = {3048C02F-7704-4195-8945-5AF8DF0B33E1}
	EndGlobalSection
EndGlobal
